
Microsoft Visual Studio Solution File, Format Version 12.00
# Visual Studio Version 17
VisualStudioVersion = 17.11.35312.102
MinimumVisualStudioVersion = 10.0.40219.1
Project("{FAE04EC0-301F-11D3-BF4B-00C04F79EFBC}") = "zad_12", "zad_12\zad_12.csproj", "{77E3C9C4-6D74-45A5-B4F7-24EFAEB016B2}"
EndProject
Global
	GlobalSection(SolutionConfigurationPlatforms) = preSolution
		Debug|Any CPU = Debug|Any CPU
		Release|Any CPU = Release|Any CPU
	EndGlobalSection
	GlobalSection(ProjectConfigurationPlatforms) = postSolution
		{77E3C9C4-6D74-45A5-B4F7-24EFAEB016B2}.Debug|Any CPU.ActiveCfg = Debug|Any CPU
		{77E3C9C4-6D74-45A5-B4F7-24EFAEB016B2}.Debug|Any CPU.Build.0 = Debug|Any CPU
		{77E3C9C4-6D74-45A5-B4F7-24EFAEB016B2}.Release|Any CPU.ActiveCfg = Release|Any CPU
		{77E3C9C4-6D74-45A5-B4F7-24EFAEB016B2}.Release|Any CPU.Build.0 = Release|Any CPU
	EndGlobalSection
	GlobalSection(SolutionProperties) = preSolution
		HideSolutionNode = FALSE
	EndGlobalSection
	GlobalSection(ExtensibilityGlobals) = postSolution
		SolutionGuid = {80601282-D2EA-4AA1-82E0-E5FF97817C51}
	EndGlobalSection
EndGlobal
